
Microsoft Visual Studio Solution File, Format Version 12.00
# Visual Studio Version 17
VisualStudioVersion = 17.0.32014.148
MinimumVisualStudioVersion = 10.0.40219.1
Project("{2150E333-8FDC-42A3-9474-1A3956D46DE8}") = "Infrastructure", "Infrastructure", "{2C102311-3B88-4276-A248-4F3BE96FE071}"
EndProject
Project("{2150E333-8FDC-42A3-9474-1A3956D46DE8}") = "Application", "Application", "{C15BB864-EE9D-4B0B-8374-81D43D58398E}"
EndProject
Project("{2150E333-8FDC-42A3-9474-1A3956D46DE8}") = "Presentation", "Presentation", "{6BF96ED7-637F-4DF8-B924-B3F445A32090}"
EndProject
Project("{2150E333-8FDC-42A3-9474-1A3956D46DE8}") = "Tests", "Tests", "{153CFF85-C08D-4EE0-9621-7AAED880C394}"
EndProject
Project("{9A19103F-16F7-4668-BE54-9A1E7A4F7556}") = "Store4Dev.Domain", "src\Store4Dev.Domain\Store4Dev.Domain.csproj", "{B15CA38A-822F-4A64-BCCD-1A8F4DEFB592}"
EndProject
Project("{9A19103F-16F7-4668-BE54-9A1E7A4F7556}") = "Store4Dev.Tests", "test\Store4Dev.Tests\Store4Dev.Tests.csproj", "{A07301E0-BB6D-4412-85D3-FE7EB959FA40}"
EndProject
Project("{9A19103F-16F7-4668-BE54-9A1E7A4F7556}") = "Store4Dev.Application", "src\Store4Dev.Application\Store4Dev.Application.csproj", "{A4F34AF4-379C-448F-84B5-03FB0131F6AB}"
EndProject
Project("{9A19103F-16F7-4668-BE54-9A1E7A4F7556}") = "Store4Dev.Api", "src\Store4Dev.Api\Store4Dev.Api.csproj", "{2E08F260-0B9E-4F7F-82F5-84492E7545FD}"
EndProject
Project("{9A19103F-16F7-4668-BE54-9A1E7A4F7556}") = "Store4Dev.Data", "src\Store4Dev.Data\Store4Dev.Data.csproj", "{EB37F59E-00A6-402D-861A-35353FCD9151}"
EndProject
Global
	GlobalSection(SolutionConfigurationPlatforms) = preSolution
		Debug|Any CPU = Debug|Any CPU
		Release|Any CPU = Release|Any CPU
	EndGlobalSection
	GlobalSection(ProjectConfigurationPlatforms) = postSolution
		{B15CA38A-822F-4A64-BCCD-1A8F4DEFB592}.Debug|Any CPU.ActiveCfg = Debug|Any CPU
		{B15CA38A-822F-4A64-BCCD-1A8F4DEFB592}.Debug|Any CPU.Build.0 = Debug|Any CPU
		{B15CA38A-822F-4A64-BCCD-1A8F4DEFB592}.Release|Any CPU.ActiveCfg = Release|Any CPU
		{B15CA38A-822F-4A64-BCCD-1A8F4DEFB592}.Release|Any CPU.Build.0 = Release|Any CPU
		{A07301E0-BB6D-4412-85D3-FE7EB959FA40}.Debug|Any CPU.ActiveCfg = Debug|Any CPU
		{A07301E0-BB6D-4412-85D3-FE7EB959FA40}.Debug|Any CPU.Build.0 = Debug|Any CPU
		{A07301E0-BB6D-4412-85D3-FE7EB959FA40}.Release|Any CPU.ActiveCfg = Release|Any CPU
		{A07301E0-BB6D-4412-85D3-FE7EB959FA40}.Release|Any CPU.Build.0 = Release|Any CPU
		{A4F34AF4-379C-448F-84B5-03FB0131F6AB}.Debug|Any CPU.ActiveCfg = Debug|Any CPU
		{A4F34AF4-379C-448F-84B5-03FB0131F6AB}.Debug|Any CPU.Build.0 = Debug|Any CPU
		{A4F34AF4-379C-448F-84B5-03FB0131F6AB}.Release|Any CPU.ActiveCfg = Release|Any CPU
		{A4F34AF4-379C-448F-84B5-03FB0131F6AB}.Release|Any CPU.Build.0 = Release|Any CPU
		{2E08F260-0B9E-4F7F-82F5-84492E7545FD}.Debug|Any CPU.ActiveCfg = Debug|Any CPU
		{2E08F260-0B9E-4F7F-82F5-84492E7545FD}.Debug|Any CPU.Build.0 = Debug|Any CPU
		{2E08F260-0B9E-4F7F-82F5-84492E7545FD}.Release|Any CPU.ActiveCfg = Release|Any CPU
		{2E08F260-0B9E-4F7F-82F5-84492E7545FD}.Release|Any CPU.Build.0 = Release|Any CPU
		{EB37F59E-00A6-402D-861A-35353FCD9151}.Debug|Any CPU.ActiveCfg = Debug|Any CPU
		{EB37F59E-00A6-402D-861A-35353FCD9151}.Debug|Any CPU.Build.0 = Debug|Any CPU
		{EB37F59E-00A6-402D-861A-35353FCD9151}.Release|Any CPU.ActiveCfg = Release|Any CPU
		{EB37F59E-00A6-402D-861A-35353FCD9151}.Release|Any CPU.Build.0 = Release|Any CPU
	EndGlobalSection
	GlobalSection(SolutionProperties) = preSolution
		HideSolutionNode = FALSE
	EndGlobalSection
	GlobalSection(NestedProjects) = preSolution
		{B15CA38A-822F-4A64-BCCD-1A8F4DEFB592} = {C15BB864-EE9D-4B0B-8374-81D43D58398E}
		{A07301E0-BB6D-4412-85D3-FE7EB959FA40} = {153CFF85-C08D-4EE0-9621-7AAED880C394}
		{A4F34AF4-379C-448F-84B5-03FB0131F6AB} = {C15BB864-EE9D-4B0B-8374-81D43D58398E}
		{2E08F260-0B9E-4F7F-82F5-84492E7545FD} = {6BF96ED7-637F-4DF8-B924-B3F445A32090}
		{EB37F59E-00A6-402D-861A-35353FCD9151} = {2C102311-3B88-4276-A248-4F3BE96FE071}
	EndGlobalSection
	GlobalSection(ExtensibilityGlobals) = postSolution
		SolutionGuid = {F5D46FF8-977F-4FC7-AC08-8351CBD2BE50}
	EndGlobalSection
EndGlobal
